// !$*UTF8*$!
{
	archiveVersion = 1;
	classes = {
	};
	objectVersion = 46;
	objects = {

/* Begin PBXBuildFile section */
		1060EF45FD8B4C4CA61101C3 /* CDVLocalFilesystem.m in Sources */ = {isa = PBXBuildFile; fileRef = B28CC872E0DC4DC0BA50370F /* CDVLocalFilesystem.m */; };
		1655793FC4174167A4C3EDD4 /* CoreLocation.framework in Frameworks */ = {isa = PBXBuildFile; fileRef = F09F69240DAE462A995198B7 /* CoreLocation.framework */; };
		1D3623260D0F684500981E51 /* AppDelegate.m in Sources */ = {isa = PBXBuildFile; fileRef = 1D3623250D0F684500981E51 /* AppDelegate.m */; };
		1D60589B0D05DD56006BFB54 /* main.m in Sources */ = {isa = PBXBuildFile; fileRef = 29B97316FDCFA39411CA2CEA /* main.m */; };
		1D8F561B68E24BC495377993 /* CDVFile.m in Sources */ = {isa = PBXBuildFile; fileRef = 916A06231F0844B9802A6FB9 /* CDVFile.m */; };
		1F766FE113BBADB100FB74C0 /* Localizable.strings in Resources */ = {isa = PBXBuildFile; fileRef = 1F766FDC13BBADB100FB74C0 /* Localizable.strings */; };
		288765FD0DF74451002DB57D /* CoreGraphics.framework in Frameworks */ = {isa = PBXBuildFile; fileRef = 288765FC0DF74451002DB57D /* CoreGraphics.framework */; };
		2E3B188DCE23406281950175 /* CDVFileTransfer.m in Sources */ = {isa = PBXBuildFile; fileRef = 858A0B4094904A1A89B61525 /* CDVFileTransfer.m */; };
		2F7DEE846C7A47BCBDF1C25B /* CloudFivePush.m in Sources */ = {isa = PBXBuildFile; fileRef = 457F21A4DEEA4B0B840692D8 /* CloudFivePush.m */; };
		301BF552109A68D80062928A /* libCordova.a in Frameworks */ = {isa = PBXBuildFile; fileRef = 301BF535109A57CC0062928A /* libCordova.a */; };
		302D95F114D2391D003F00A1 /* MainViewController.m in Sources */ = {isa = PBXBuildFile; fileRef = 302D95EF14D2391D003F00A1 /* MainViewController.m */; };
		302D95F214D2391D003F00A1 /* MainViewController.xib in Resources */ = {isa = PBXBuildFile; fileRef = 302D95F014D2391D003F00A1 /* MainViewController.xib */; };
		305D5FD1115AB8F900A74A75 /* MobileCoreServices.framework in Frameworks */ = {isa = PBXBuildFile; fileRef = 305D5FD0115AB8F900A74A75 /* MobileCoreServices.framework */; };
		3088BBBD154F3926009F9C59 /* Default-Landscape@2x~ipad.png in Resources */ = {isa = PBXBuildFile; fileRef = 3088BBB7154F3926009F9C59 /* Default-Landscape@2x~ipad.png */; };
		3088BBBE154F3926009F9C59 /* Default-Landscape~ipad.png in Resources */ = {isa = PBXBuildFile; fileRef = 3088BBB8154F3926009F9C59 /* Default-Landscape~ipad.png */; };
		3088BBBF154F3926009F9C59 /* Default-Portrait@2x~ipad.png in Resources */ = {isa = PBXBuildFile; fileRef = 3088BBB9154F3926009F9C59 /* Default-Portrait@2x~ipad.png */; };
		3088BBC0154F3926009F9C59 /* Default-Portrait~ipad.png in Resources */ = {isa = PBXBuildFile; fileRef = 3088BBBA154F3926009F9C59 /* Default-Portrait~ipad.png */; };
		3088BBC1154F3926009F9C59 /* Default@2x~iphone.png in Resources */ = {isa = PBXBuildFile; fileRef = 3088BBBB154F3926009F9C59 /* Default@2x~iphone.png */; };
		30A0434814DC770100060A13 /* Localizable.strings in Resources */ = {isa = PBXBuildFile; fileRef = 30A0434314DC770100060A13 /* Localizable.strings */; };
		30D5E29CCFAF4AAA8ECEE21E /* CDVDevice.m in Sources */ = {isa = PBXBuildFile; fileRef = 5B0FE0DED2854842B5BE069F /* CDVDevice.m */; };
		3BC140E219E6E9D800C4A249 /* icon-29.png in Resources */ = {isa = PBXBuildFile; fileRef = 3BC140D419E6E9D800C4A249 /* icon-29.png */; };
		3BC140E319E6E9D800C4A249 /* icon-40.png in Resources */ = {isa = PBXBuildFile; fileRef = 3BC140D519E6E9D800C4A249 /* icon-40.png */; };
		3BC140E419E6E9D800C4A249 /* icon-50.png in Resources */ = {isa = PBXBuildFile; fileRef = 3BC140D619E6E9D800C4A249 /* icon-50.png */; };
		3BC140E519E6E9D800C4A249 /* icon-57.png in Resources */ = {isa = PBXBuildFile; fileRef = 3BC140D719E6E9D800C4A249 /* icon-57.png */; };
		3BC140E619E6E9D800C4A249 /* icon-58.png in Resources */ = {isa = PBXBuildFile; fileRef = 3BC140D819E6E9D800C4A249 /* icon-58.png */; };
		3BC140E719E6E9D800C4A249 /* icon-60.png in Resources */ = {isa = PBXBuildFile; fileRef = 3BC140D919E6E9D800C4A249 /* icon-60.png */; };
		3BC140E819E6E9D800C4A249 /* icon-72.png in Resources */ = {isa = PBXBuildFile; fileRef = 3BC140DA19E6E9D800C4A249 /* icon-72.png */; };
		3BC140E919E6E9D800C4A249 /* icon-76.png in Resources */ = {isa = PBXBuildFile; fileRef = 3BC140DB19E6E9D800C4A249 /* icon-76.png */; };
		3BC140EA19E6E9D800C4A249 /* icon-80.png in Resources */ = {isa = PBXBuildFile; fileRef = 3BC140DC19E6E9D800C4A249 /* icon-80.png */; };
		3BC140EB19E6E9D800C4A249 /* icon-100.png in Resources */ = {isa = PBXBuildFile; fileRef = 3BC140DD19E6E9D800C4A249 /* icon-100.png */; };
		3BC140EC19E6E9D800C4A249 /* icon-114.png in Resources */ = {isa = PBXBuildFile; fileRef = 3BC140DE19E6E9D800C4A249 /* icon-114.png */; };
		3BC140ED19E6E9D800C4A249 /* icon-120.png in Resources */ = {isa = PBXBuildFile; fileRef = 3BC140DF19E6E9D800C4A249 /* icon-120.png */; };
		3BC140EE19E6E9D800C4A249 /* icon-144.png in Resources */ = {isa = PBXBuildFile; fileRef = 3BC140E019E6E9D800C4A249 /* icon-144.png */; };
		3BC140EF19E6E9D800C4A249 /* icon-152.png in Resources */ = {isa = PBXBuildFile; fileRef = 3BC140E119E6E9D800C4A249 /* icon-152.png */; };
		47ECE919BB554BAEB6538B0C /* CDVReachability.m in Sources */ = {isa = PBXBuildFile; fileRef = 15723593AB9C4F8CA9173011 /* CDVReachability.m */; };
		58A4DC35C7BA4D58913395EB /* CDVConnection.m in Sources */ = {isa = PBXBuildFile; fileRef = 4439A3B3E8254DDDB250B480 /* CDVConnection.m */; };
		5A58FFCD40C14821A2F743C3 /* CDVCamera.m in Sources */ = {isa = PBXBuildFile; fileRef = C1D33DFCBE0C44749A115DB3 /* CDVCamera.m */; };
		5B1594DD16A7569C00FEF299 /* AssetsLibrary.framework in Frameworks */ = {isa = PBXBuildFile; fileRef = 5B1594DC16A7569C00FEF299 /* AssetsLibrary.framework */; };
		66CA73C93B6744D3968C4257 /* CDVJpegHeaderWriter.m in Sources */ = {isa = PBXBuildFile; fileRef = E5B5F5AFDEE8400893FF69EB /* CDVJpegHeaderWriter.m */; };
		710E6CDBA6554F52B7518CDA /* ImageIO.framework in Frameworks */ = {isa = PBXBuildFile; fileRef = EA1735B791EE4CEFAB159C0F /* ImageIO.framework */; settings = {ATTRIBUTES = (Weak, ); }; };
		7251AF7C8093466687872A7E /* SystemConfiguration.framework in Frameworks */ = {isa = PBXBuildFile; fileRef = E96EE60FE30943F2AC8C3BFC /* SystemConfiguration.framework */; settings = {ATTRIBUTES = (Weak, ); }; };
		AF58324C8C494BAFA9E65F9C /* AppDelegate+notification.m in Sources */ = {isa = PBXBuildFile; fileRef = 35FAEA474A80406BA957FAE7 /* AppDelegate+notification.m */; };
		B9E94C1BDE22486D9116F557 /* MessageUI.framework in Frameworks */ = {isa = PBXBuildFile; fileRef = 93ADFAA5F3C74106AE98EAC2 /* MessageUI.framework */; settings = {ATTRIBUTES = (Weak, ); }; };
		BB3D0FC3A9BB4A05BB8BEBDD /* engage.aiff in Resources */ = {isa = PBXBuildFile; fileRef = F7BBB20051804DFE89D3C1A1 /* engage.aiff */; };
		CDC13ECBA98A46E3BEF046C7 /* CDVLogger.m in Sources */ = {isa = PBXBuildFile; fileRef = 3DE627338F9F43E9B38C1EC0 /* CDVLogger.m */; };
		D4A0D8761607E02300AEF8BB /* Default-568h@2x~iphone.png in Resources */ = {isa = PBXBuildFile; fileRef = D4A0D8751607E02300AEF8BB /* Default-568h@2x~iphone.png */; };
		E6AE676A74A44611BCF394D2 /* CDVAssetLibraryFilesystem.m in Sources */ = {isa = PBXBuildFile; fileRef = 33A33A10F2404B118A1034D8 /* CDVAssetLibraryFilesystem.m */; };
		FE85744DE7EB4ED784C0C3E2 /* Sms.m in Sources */ = {isa = PBXBuildFile; fileRef = 849B779AA6F04CD89D02DB02 /* Sms.m */; };
/* End PBXBuildFile section */

/* Begin PBXContainerItemProxy section */
		301BF534109A57CC0062928A /* PBXContainerItemProxy */ = {
			isa = PBXContainerItemProxy;
			containerPortal = 301BF52D109A57CC0062928A /* CordovaLib.xcodeproj */;
			proxyType = 2;
			remoteGlobalIDString = D2AAC07E0554694100DB518D;
			remoteInfo = CordovaLib;
		};
		301BF550109A68C00062928A /* PBXContainerItemProxy */ = {
			isa = PBXContainerItemProxy;
			containerPortal = 301BF52D109A57CC0062928A /* CordovaLib.xcodeproj */;
			proxyType = 1;
			remoteGlobalIDString = D2AAC07D0554694100DB518D;
			remoteInfo = CordovaLib;
		};
/* End PBXContainerItemProxy section */

/* Begin PBXFileReference section */
		15723593AB9C4F8CA9173011 /* CDVReachability.m */ = {isa = PBXFileReference; fileEncoding = 4; lastKnownFileType = sourcecode.c.objc; name = CDVReachability.m; path = "org.apache.cordova.network-information/CDVReachability.m"; sourceTree = "<group>"; };
		1C798B4C9A2A45819FA70107 /* CDVConnection.h */ = {isa = PBXFileReference; fileEncoding = 4; lastKnownFileType = sourcecode.c.h; name = CDVConnection.h; path = "org.apache.cordova.network-information/CDVConnection.h"; sourceTree = "<group>"; };
		1D3623240D0F684500981E51 /* AppDelegate.h */ = {isa = PBXFileReference; fileEncoding = 4; lastKnownFileType = sourcecode.c.h; path = AppDelegate.h; sourceTree = "<group>"; };
		1D3623250D0F684500981E51 /* AppDelegate.m */ = {isa = PBXFileReference; fileEncoding = 4; lastKnownFileType = sourcecode.c.objc; path = AppDelegate.m; sourceTree = "<group>"; };
		1D559F820E05462581114B6C /* CDVJpegHeaderWriter.h */ = {isa = PBXFileReference; fileEncoding = 4; lastKnownFileType = sourcecode.c.h; name = CDVJpegHeaderWriter.h; path = org.apache.cordova.camera/CDVJpegHeaderWriter.h; sourceTree = "<group>"; };
		1D6058910D05DD3D006BFB54 /* Mobile Doorman.app */ = {isa = PBXFileReference; explicitFileType = wrapper.application; includeInIndex = 0; path = "Mobile Doorman.app"; sourceTree = BUILT_PRODUCTS_DIR; };
		1F766FDD13BBADB100FB74C0 /* en */ = {isa = PBXFileReference; lastKnownFileType = text.plist.strings; name = en; path = Localizable.strings; sourceTree = "<group>"; };
		1F766FE013BBADB100FB74C0 /* es */ = {isa = PBXFileReference; lastKnownFileType = text.plist.strings; name = es; path = Localizable.strings; sourceTree = "<group>"; };
		288765FC0DF74451002DB57D /* CoreGraphics.framework */ = {isa = PBXFileReference; lastKnownFileType = wrapper.framework; name = CoreGraphics.framework; path = System/Library/Frameworks/CoreGraphics.framework; sourceTree = SDKROOT; };
		29B97316FDCFA39411CA2CEA /* main.m */ = {isa = PBXFileReference; fileEncoding = 4; lastKnownFileType = sourcecode.c.objc; path = main.m; sourceTree = "<group>"; };
		301BF52D109A57CC0062928A /* CordovaLib.xcodeproj */ = {isa = PBXFileReference; lastKnownFileType = "wrapper.pb-project"; name = CordovaLib.xcodeproj; path = CordovaLib/CordovaLib.xcodeproj; sourceTree = "<group>"; };
		301BF56E109A69640062928A /* www */ = {isa = PBXFileReference; lastKnownFileType = folder; path = www; sourceTree = SOURCE_ROOT; };
		302D95EE14D2391D003F00A1 /* MainViewController.h */ = {isa = PBXFileReference; fileEncoding = 4; lastKnownFileType = sourcecode.c.h; path = MainViewController.h; sourceTree = "<group>"; };
		302D95EF14D2391D003F00A1 /* MainViewController.m */ = {isa = PBXFileReference; fileEncoding = 4; lastKnownFileType = sourcecode.c.objc; path = MainViewController.m; sourceTree = "<group>"; };
		302D95F014D2391D003F00A1 /* MainViewController.xib */ = {isa = PBXFileReference; fileEncoding = 4; lastKnownFileType = file.xib; path = MainViewController.xib; sourceTree = "<group>"; };
		305D5FD0115AB8F900A74A75 /* MobileCoreServices.framework */ = {isa = PBXFileReference; lastKnownFileType = wrapper.framework; name = MobileCoreServices.framework; path = System/Library/Frameworks/MobileCoreServices.framework; sourceTree = SDKROOT; };
		3088BBB7154F3926009F9C59 /* Default-Landscape@2x~ipad.png */ = {isa = PBXFileReference; lastKnownFileType = image.png; path = "Default-Landscape@2x~ipad.png"; sourceTree = "<group>"; };
		3088BBB8154F3926009F9C59 /* Default-Landscape~ipad.png */ = {isa = PBXFileReference; lastKnownFileType = image.png; path = "Default-Landscape~ipad.png"; sourceTree = "<group>"; };
		3088BBB9154F3926009F9C59 /* Default-Portrait@2x~ipad.png */ = {isa = PBXFileReference; lastKnownFileType = image.png; path = "Default-Portrait@2x~ipad.png"; sourceTree = "<group>"; };
		3088BBBA154F3926009F9C59 /* Default-Portrait~ipad.png */ = {isa = PBXFileReference; lastKnownFileType = image.png; path = "Default-Portrait~ipad.png"; sourceTree = "<group>"; };
		3088BBBB154F3926009F9C59 /* Default@2x~iphone.png */ = {isa = PBXFileReference; lastKnownFileType = image.png; path = "Default@2x~iphone.png"; sourceTree = "<group>"; };
		30A0434414DC770100060A13 /* de */ = {isa = PBXFileReference; lastKnownFileType = text.plist.strings; name = de; path = Localizable.strings; sourceTree = "<group>"; };
		30A0434714DC770100060A13 /* se */ = {isa = PBXFileReference; lastKnownFileType = text.plist.strings; name = se; path = Localizable.strings; sourceTree = "<group>"; };
		32CA4F630368D1EE00C91783 /* Mobile Doorman-Prefix.pch */ = {isa = PBXFileReference; fileEncoding = 4; lastKnownFileType = sourcecode.c.h; path = "Mobile Doorman-Prefix.pch"; sourceTree = "<group>"; };
		33A33A10F2404B118A1034D8 /* CDVAssetLibraryFilesystem.m */ = {isa = PBXFileReference; fileEncoding = 4; lastKnownFileType = sourcecode.c.objc; name = CDVAssetLibraryFilesystem.m; path = org.apache.cordova.file/CDVAssetLibraryFilesystem.m; sourceTree = "<group>"; };
		35FAEA474A80406BA957FAE7 /* AppDelegate+notification.m */ = {isa = PBXFileReference; fileEncoding = 4; lastKnownFileType = sourcecode.c.objc; name = "AppDelegate+notification.m"; path = "com.cloudfiveapp.push/AppDelegate+notification.m"; sourceTree = "<group>"; };
		3BC1405719E6E34500C4A249 /* 180 N Jefferson-Info.plist */ = {isa = PBXFileReference; lastKnownFileType = text.plist.xml; path = "180 N Jefferson-Info.plist"; sourceTree = "<group>"; };
		3BC1405919E6E34500C4A249 /* icon-120.png */ = {isa = PBXFileReference; lastKnownFileType = image.png; path = "icon-120.png"; sourceTree = "<group>"; };
		3BC1405A19E6E34500C4A249 /* icon-152.png */ = {isa = PBXFileReference; lastKnownFileType = image.png; path = "icon-152.png"; sourceTree = "<group>"; };
		3BC1405B19E6E34500C4A249 /* icon-29.png */ = {isa = PBXFileReference; lastKnownFileType = image.png; path = "icon-29.png"; sourceTree = "<group>"; };
		3BC1405C19E6E34500C4A249 /* icon-40.png */ = {isa = PBXFileReference; lastKnownFileType = image.png; path = "icon-40.png"; sourceTree = "<group>"; };
		3BC1405D19E6E34500C4A249 /* icon-58.png */ = {isa = PBXFileReference; lastKnownFileType = image.png; path = "icon-58.png"; sourceTree = "<group>"; };
		3BC1405E19E6E34500C4A249 /* icon-76.png */ = {isa = PBXFileReference; lastKnownFileType = image.png; path = "icon-76.png"; sourceTree = "<group>"; };
		3BC1405F19E6E34500C4A249 /* icon-80.png */ = {isa = PBXFileReference; lastKnownFileType = image.png; path = "icon-80.png"; sourceTree = "<group>"; };
		3BC1406119E6E34500C4A249 /* Default-568h@2x~iphone.png */ = {isa = PBXFileReference; lastKnownFileType = image.png; path = "Default-568h@2x~iphone.png"; sourceTree = "<group>"; };
		3BC1406219E6E34500C4A249 /* Default-Landscape@2x~ipad.png */ = {isa = PBXFileReference; lastKnownFileType = image.png; path = "Default-Landscape@2x~ipad.png"; sourceTree = "<group>"; };
		3BC1406319E6E34500C4A249 /* Default-Landscape~ipad.png */ = {isa = PBXFileReference; lastKnownFileType = image.png; path = "Default-Landscape~ipad.png"; sourceTree = "<group>"; };
		3BC1406419E6E34500C4A249 /* Default-Portrait@2x~ipad.png */ = {isa = PBXFileReference; lastKnownFileType = image.png; path = "Default-Portrait@2x~ipad.png"; sourceTree = "<group>"; };
		3BC1406519E6E34500C4A249 /* Default-Portrait~ipad.png */ = {isa = PBXFileReference; lastKnownFileType = image.png; path = "Default-Portrait~ipad.png"; sourceTree = "<group>"; };
		3BC1406619E6E34500C4A249 /* Default@2x~iphone.png */ = {isa = PBXFileReference; lastKnownFileType = image.png; path = "Default@2x~iphone.png"; sourceTree = "<group>"; };
		3BC1406819E6E34500C4A249 /* Fieldpointe-Info.plist */ = {isa = PBXFileReference; lastKnownFileType = text.plist.xml; path = "Fieldpointe-Info.plist"; sourceTree = "<group>"; };
		3BC1406A19E6E34500C4A249 /* icon-120.png */ = {isa = PBXFileReference; lastKnownFileType = image.png; path = "icon-120.png"; sourceTree = "<group>"; };
		3BC1406B19E6E34500C4A249 /* icon-152.png */ = {isa = PBXFileReference; lastKnownFileType = image.png; path = "icon-152.png"; sourceTree = "<group>"; };
		3BC1406C19E6E34500C4A249 /* icon-29.png */ = {isa = PBXFileReference; lastKnownFileType = image.png; path = "icon-29.png"; sourceTree = "<group>"; };
		3BC1406D19E6E34500C4A249 /* icon-40.png */ = {isa = PBXFileReference; lastKnownFileType = image.png; path = "icon-40.png"; sourceTree = "<group>"; };
		3BC1406E19E6E34500C4A249 /* icon-58.png */ = {isa = PBXFileReference; lastKnownFileType = image.png; path = "icon-58.png"; sourceTree = "<group>"; };
		3BC1406F19E6E34500C4A249 /* icon-76.png */ = {isa = PBXFileReference; lastKnownFileType = image.png; path = "icon-76.png"; sourceTree = "<group>"; };
		3BC1407019E6E34500C4A249 /* icon-80.png */ = {isa = PBXFileReference; lastKnownFileType = image.png; path = "icon-80.png"; sourceTree = "<group>"; };
		3BC1407219E6E34500C4A249 /* Default-568h@2x~iphone.png */ = {isa = PBXFileReference; lastKnownFileType = image.png; path = "Default-568h@2x~iphone.png"; sourceTree = "<group>"; };
		3BC1407319E6E34500C4A249 /* Default-Landscape@2x~ipad.png */ = {isa = PBXFileReference; lastKnownFileType = image.png; path = "Default-Landscape@2x~ipad.png"; sourceTree = "<group>"; };
		3BC1407419E6E34500C4A249 /* Default-Landscape~ipad.png */ = {isa = PBXFileReference; lastKnownFileType = image.png; path = "Default-Landscape~ipad.png"; sourceTree = "<group>"; };
		3BC1407519E6E34500C4A249 /* Default-Portrait@2x~ipad.png */ = {isa = PBXFileReference; lastKnownFileType = image.png; path = "Default-Portrait@2x~ipad.png"; sourceTree = "<group>"; };
		3BC1407619E6E34500C4A249 /* Default-Portrait~ipad.png */ = {isa = PBXFileReference; lastKnownFileType = image.png; path = "Default-Portrait~ipad.png"; sourceTree = "<group>"; };
		3BC1407719E6E34500C4A249 /* Default@2x~iphone.png */ = {isa = PBXFileReference; lastKnownFileType = image.png; path = "Default@2x~iphone.png"; sourceTree = "<group>"; };
		3BC1407919E6E34500C4A249 /* AirshipConfig.plist */ = {isa = PBXFileReference; lastKnownFileType = text.plist.xml; path = AirshipConfig.plist; sourceTree = "<group>"; };
		3BC1407B19E6E34500C4A249 /* en */ = {isa = PBXFileReference; lastKnownFileType = text.plist.strings; name = en; path = en.lproj/InfoPlist.strings; sourceTree = "<group>"; };
		3BC1407C19E6E34500C4A249 /* Grand Plaza-Info.plist */ = {isa = PBXFileReference; lastKnownFileType = text.plist.xml; path = "Grand Plaza-Info.plist"; sourceTree = "<group>"; };
		3BC1407D19E6E34500C4A249 /* Grand Plaza-Prefix.pch */ = {isa = PBXFileReference; lastKnownFileType = sourcecode.c.h; path = "Grand Plaza-Prefix.pch"; sourceTree = "<group>"; };
		3BC1407E19E6E34500C4A249 /* Images.xcassets */ = {isa = PBXFileReference; lastKnownFileType = folder.assetcatalog; path = Images.xcassets; sourceTree = "<group>"; };
		3BC1408019E6E34500C4A249 /* Hampton Gardens-Info.plist */ = {isa = PBXFileReference; lastKnownFileType = text.plist.xml; path = "Hampton Gardens-Info.plist"; sourceTree = "<group>"; };
		3BC1408219E6E34500C4A249 /* icon-120.png */ = {isa = PBXFileReference; lastKnownFileType = image.png; path = "icon-120.png"; sourceTree = "<group>"; };
		3BC1408319E6E34500C4A249 /* icon-152.png */ = {isa = PBXFileReference; lastKnownFileType = image.png; path = "icon-152.png"; sourceTree = "<group>"; };
		3BC1408419E6E34500C4A249 /* icon-29.png */ = {isa = PBXFileReference; lastKnownFileType = image.png; path = "icon-29.png"; sourceTree = "<group>"; };
		3BC1408519E6E34600C4A249 /* icon-40.png */ = {isa = PBXFileReference; lastKnownFileType = image.png; path = "icon-40.png"; sourceTree = "<group>"; };
		3BC1408619E6E34600C4A249 /* icon-58.png */ = {isa = PBXFileReference; lastKnownFileType = image.png; path = "icon-58.png"; sourceTree = "<group>"; };
		3BC1408719E6E34600C4A249 /* icon-76.png */ = {isa = PBXFileReference; lastKnownFileType = image.png; path = "icon-76.png"; sourceTree = "<group>"; };
		3BC1408819E6E34600C4A249 /* icon-80.png */ = {isa = PBXFileReference; lastKnownFileType = image.png; path = "icon-80.png"; sourceTree = "<group>"; };
		3BC1408A19E6E34600C4A249 /* Default-568h@2x~iphone.png */ = {isa = PBXFileReference; lastKnownFileType = image.png; path = "Default-568h@2x~iphone.png"; sourceTree = "<group>"; };
		3BC1408B19E6E34600C4A249 /* Default-Landscape@2x~ipad.png */ = {isa = PBXFileReference; lastKnownFileType = image.png; path = "Default-Landscape@2x~ipad.png"; sourceTree = "<group>"; };
		3BC1408C19E6E34600C4A249 /* Default-Landscape~ipad.png */ = {isa = PBXFileReference; lastKnownFileType = image.png; path = "Default-Landscape~ipad.png"; sourceTree = "<group>"; };
		3BC1408D19E6E34600C4A249 /* Default-Portrait@2x~ipad.png */ = {isa = PBXFileReference; lastKnownFileType = image.png; path = "Default-Portrait@2x~ipad.png"; sourceTree = "<group>"; };
		3BC1408E19E6E34600C4A249 /* Default-Portrait~ipad.png */ = {isa = PBXFileReference; lastKnownFileType = image.png; path = "Default-Portrait~ipad.png"; sourceTree = "<group>"; };
		3BC1408F19E6E34600C4A249 /* Default@2x~iphone.png */ = {isa = PBXFileReference; lastKnownFileType = image.png; path = "Default@2x~iphone.png"; sourceTree = "<group>"; };
		3BC1409219E6E34600C4A249 /* icon-120.png */ = {isa = PBXFileReference; lastKnownFileType = image.png; path = "icon-120.png"; sourceTree = "<group>"; };
		3BC1409319E6E34600C4A249 /* icon-152.png */ = {isa = PBXFileReference; lastKnownFileType = image.png; path = "icon-152.png"; sourceTree = "<group>"; };
		3BC1409419E6E34600C4A249 /* icon-29.png */ = {isa = PBXFileReference; lastKnownFileType = image.png; path = "icon-29.png"; sourceTree = "<group>"; };
		3BC1409519E6E34600C4A249 /* icon-40.png */ = {isa = PBXFileReference; lastKnownFileType = image.png; path = "icon-40.png"; sourceTree = "<group>"; };
		3BC1409619E6E34600C4A249 /* icon-58.png */ = {isa = PBXFileReference; lastKnownFileType = image.png; path = "icon-58.png"; sourceTree = "<group>"; };
		3BC1409719E6E34600C4A249 /* icon-76.png */ = {isa = PBXFileReference; lastKnownFileType = image.png; path = "icon-76.png"; sourceTree = "<group>"; };
		3BC1409819E6E34600C4A249 /* icon-80.png */ = {isa = PBXFileReference; lastKnownFileType = image.png; path = "icon-80.png"; sourceTree = "<group>"; };
		3BC1409919E6E34600C4A249 /* Infinite-Info.plist */ = {isa = PBXFileReference; lastKnownFileType = text.plist.xml; path = "Infinite-Info.plist"; sourceTree = "<group>"; };
		3BC1409B19E6E34600C4A249 /* Default-568h@2x~iphone.png */ = {isa = PBXFileReference; lastKnownFileType = image.png; path = "Default-568h@2x~iphone.png"; sourceTree = "<group>"; };
		3BC1409C19E6E34600C4A249 /* Default-Landscape@2x~ipad.png */ = {isa = PBXFileReference; lastKnownFileType = image.png; path = "Default-Landscape@2x~ipad.png"; sourceTree = "<group>"; };
		3BC1409D19E6E34600C4A249 /* Default-Landscape~ipad.png */ = {isa = PBXFileReference; lastKnownFileType = image.png; path = "Default-Landscape~ipad.png"; sourceTree = "<group>"; };
		3BC1409E19E6E34600C4A249 /* Default-Portrait@2x~ipad.png */ = {isa = PBXFileReference; lastKnownFileType = image.png; path = "Default-Portrait@2x~ipad.png"; sourceTree = "<group>"; };
		3BC1409F19E6E34600C4A249 /* Default-Portrait~ipad.png */ = {isa = PBXFileReference; lastKnownFileType = image.png; path = "Default-Portrait~ipad.png"; sourceTree = "<group>"; };
		3BC140A019E6E34600C4A249 /* Default@2x~iphone.png */ = {isa = PBXFileReference; lastKnownFileType = image.png; path = "Default@2x~iphone.png"; sourceTree = "<group>"; };
		3BC140A319E6E34600C4A249 /* icon-120.png */ = {isa = PBXFileReference; lastKnownFileType = image.png; path = "icon-120.png"; sourceTree = "<group>"; };
		3BC140A419E6E34600C4A249 /* icon-152.png */ = {isa = PBXFileReference; lastKnownFileType = image.png; path = "icon-152.png"; sourceTree = "<group>"; };
		3BC140A519E6E34600C4A249 /* icon-29.png */ = {isa = PBXFileReference; lastKnownFileType = image.png; path = "icon-29.png"; sourceTree = "<group>"; };
		3BC140A619E6E34600C4A249 /* icon-40.png */ = {isa = PBXFileReference; lastKnownFileType = image.png; path = "icon-40.png"; sourceTree = "<group>"; };
		3BC140A719E6E34600C4A249 /* icon-58.png */ = {isa = PBXFileReference; lastKnownFileType = image.png; path = "icon-58.png"; sourceTree = "<group>"; };
		3BC140A819E6E34600C4A249 /* icon-76.png */ = {isa = PBXFileReference; lastKnownFileType = image.png; path = "icon-76.png"; sourceTree = "<group>"; };
		3BC140A919E6E34600C4A249 /* icon-80.png */ = {isa = PBXFileReference; lastKnownFileType = image.png; path = "icon-80.png"; sourceTree = "<group>"; };
		3BC140AA19E6E34600C4A249 /* Rise-Info.plist */ = {isa = PBXFileReference; lastKnownFileType = text.plist.xml; path = "Rise-Info.plist"; sourceTree = "<group>"; };
		3BC140AC19E6E34600C4A249 /* Default-568h@2x~iphone.png */ = {isa = PBXFileReference; lastKnownFileType = image.png; path = "Default-568h@2x~iphone.png"; sourceTree = "<group>"; };
		3BC140AD19E6E34600C4A249 /* Default-Landscape@2x~ipad.png */ = {isa = PBXFileReference; lastKnownFileType = image.png; path = "Default-Landscape@2x~ipad.png"; sourceTree = "<group>"; };
		3BC140AE19E6E34600C4A249 /* Default-Landscape~ipad.png */ = {isa = PBXFileReference; lastKnownFileType = image.png; path = "Default-Landscape~ipad.png"; sourceTree = "<group>"; };
		3BC140AF19E6E34600C4A249 /* Default-Portrait@2x~ipad.png */ = {isa = PBXFileReference; lastKnownFileType = image.png; path = "Default-Portrait@2x~ipad.png"; sourceTree = "<group>"; };
		3BC140B019E6E34600C4A249 /* Default-Portrait~ipad.png */ = {isa = PBXFileReference; lastKnownFileType = image.png; path = "Default-Portrait~ipad.png"; sourceTree = "<group>"; };
		3BC140B119E6E34600C4A249 /* Default@2x~iphone.png */ = {isa = PBXFileReference; lastKnownFileType = image.png; path = "Default@2x~iphone.png"; sourceTree = "<group>"; };
		3BC140B419E6E34600C4A249 /* icon-120.png */ = {isa = PBXFileReference; lastKnownFileType = image.png; path = "icon-120.png"; sourceTree = "<group>"; };
		3BC140B519E6E34600C4A249 /* icon-152.png */ = {isa = PBXFileReference; lastKnownFileType = image.png; path = "icon-152.png"; sourceTree = "<group>"; };
		3BC140B619E6E34600C4A249 /* icon-29.png */ = {isa = PBXFileReference; lastKnownFileType = image.png; path = "icon-29.png"; sourceTree = "<group>"; };
		3BC140B719E6E34600C4A249 /* icon-40.png */ = {isa = PBXFileReference; lastKnownFileType = image.png; path = "icon-40.png"; sourceTree = "<group>"; };
		3BC140B819E6E34600C4A249 /* icon-58.png */ = {isa = PBXFileReference; lastKnownFileType = image.png; path = "icon-58.png"; sourceTree = "<group>"; };
		3BC140B919E6E34600C4A249 /* icon-76.png */ = {isa = PBXFileReference; lastKnownFileType = image.png; path = "icon-76.png"; sourceTree = "<group>"; };
		3BC140BA19E6E34600C4A249 /* icon-80.png */ = {isa = PBXFileReference; lastKnownFileType = image.png; path = "icon-80.png"; sourceTree = "<group>"; };
		3BC140BC19E6E34600C4A249 /* Default-568h@2x~iphone.png */ = {isa = PBXFileReference; lastKnownFileType = image.png; path = "Default-568h@2x~iphone.png"; sourceTree = "<group>"; };
		3BC140BD19E6E34600C4A249 /* Default-Landscape@2x~ipad.png */ = {isa = PBXFileReference; lastKnownFileType = image.png; path = "Default-Landscape@2x~ipad.png"; sourceTree = "<group>"; };
		3BC140BE19E6E34600C4A249 /* Default-Landscape~ipad.png */ = {isa = PBXFileReference; lastKnownFileType = image.png; path = "Default-Landscape~ipad.png"; sourceTree = "<group>"; };
		3BC140BF19E6E34600C4A249 /* Default-Portrait@2x~ipad.png */ = {isa = PBXFileReference; lastKnownFileType = image.png; path = "Default-Portrait@2x~ipad.png"; sourceTree = "<group>"; };
		3BC140C019E6E34600C4A249 /* Default-Portrait~ipad.png */ = {isa = PBXFileReference; lastKnownFileType = image.png; path = "Default-Portrait~ipad.png"; sourceTree = "<group>"; };
		3BC140C119E6E34600C4A249 /* Default@2x~iphone.png */ = {isa = PBXFileReference; lastKnownFileType = image.png; path = "Default@2x~iphone.png"; sourceTree = "<group>"; };
		3BC140C219E6E34600C4A249 /* Uncommon-Info.plist */ = {isa = PBXFileReference; lastKnownFileType = text.plist.xml; path = "Uncommon-Info.plist"; sourceTree = "<group>"; };
		3BC140C519E6E34600C4A249 /* icon-120.png */ = {isa = PBXFileReference; lastKnownFileType = image.png; path = "icon-120.png"; sourceTree = "<group>"; };
		3BC140C619E6E34600C4A249 /* icon-152.png */ = {isa = PBXFileReference; lastKnownFileType = image.png; path = "icon-152.png"; sourceTree = "<group>"; };
		3BC140C719E6E34600C4A249 /* icon-29.png */ = {isa = PBXFileReference; lastKnownFileType = image.png; path = "icon-29.png"; sourceTree = "<group>"; };
		3BC140C819E6E34600C4A249 /* icon-40.png */ = {isa = PBXFileReference; lastKnownFileType = image.png; path = "icon-40.png"; sourceTree = "<group>"; };
		3BC140C919E6E34600C4A249 /* icon-58.png */ = {isa = PBXFileReference; lastKnownFileType = image.png; path = "icon-58.png"; sourceTree = "<group>"; };
		3BC140CA19E6E34600C4A249 /* icon-76.png */ = {isa = PBXFileReference; lastKnownFileType = image.png; path = "icon-76.png"; sourceTree = "<group>"; };
		3BC140CB19E6E34600C4A249 /* icon-80.png */ = {isa = PBXFileReference; lastKnownFileType = image.png; path = "icon-80.png"; sourceTree = "<group>"; };
		3BC140CD19E6E34600C4A249 /* Default-568h@2x~iphone.png */ = {isa = PBXFileReference; lastKnownFileType = image.png; path = "Default-568h@2x~iphone.png"; sourceTree = "<group>"; };
		3BC140CE19E6E34600C4A249 /* Default-Landscape@2x~ipad.png */ = {isa = PBXFileReference; lastKnownFileType = image.png; path = "Default-Landscape@2x~ipad.png"; sourceTree = "<group>"; };
		3BC140CF19E6E34600C4A249 /* Default-Landscape~ipad.png */ = {isa = PBXFileReference; lastKnownFileType = image.png; path = "Default-Landscape~ipad.png"; sourceTree = "<group>"; };
		3BC140D019E6E34600C4A249 /* Default-Portrait@2x~ipad.png */ = {isa = PBXFileReference; lastKnownFileType = image.png; path = "Default-Portrait@2x~ipad.png"; sourceTree = "<group>"; };
		3BC140D119E6E34600C4A249 /* Default-Portrait~ipad.png */ = {isa = PBXFileReference; lastKnownFileType = image.png; path = "Default-Portrait~ipad.png"; sourceTree = "<group>"; };
		3BC140D219E6E34600C4A249 /* Default@2x~iphone.png */ = {isa = PBXFileReference; lastKnownFileType = image.png; path = "Default@2x~iphone.png"; sourceTree = "<group>"; };
		3BC140D319E6E34600C4A249 /* Wheaton Center-Info.plist */ = {isa = PBXFileReference; lastKnownFileType = text.plist.xml; path = "Wheaton Center-Info.plist"; sourceTree = "<group>"; };
		3BC140D419E6E9D800C4A249 /* icon-29.png */ = {isa = PBXFileReference; lastKnownFileType = image.png; path = "icon-29.png"; sourceTree = "<group>"; };
		3BC140D519E6E9D800C4A249 /* icon-40.png */ = {isa = PBXFileReference; lastKnownFileType = image.png; path = "icon-40.png"; sourceTree = "<group>"; };
		3BC140D619E6E9D800C4A249 /* icon-50.png */ = {isa = PBXFileReference; lastKnownFileType = image.png; path = "icon-50.png"; sourceTree = "<group>"; };
		3BC140D719E6E9D800C4A249 /* icon-57.png */ = {isa = PBXFileReference; lastKnownFileType = image.png; path = "icon-57.png"; sourceTree = "<group>"; };
		3BC140D819E6E9D800C4A249 /* icon-58.png */ = {isa = PBXFileReference; lastKnownFileType = image.png; path = "icon-58.png"; sourceTree = "<group>"; };
		3BC140D919E6E9D800C4A249 /* icon-60.png */ = {isa = PBXFileReference; lastKnownFileType = image.png; path = "icon-60.png"; sourceTree = "<group>"; };
		3BC140DA19E6E9D800C4A249 /* icon-72.png */ = {isa = PBXFileReference; lastKnownFileType = image.png; path = "icon-72.png"; sourceTree = "<group>"; };
		3BC140DB19E6E9D800C4A249 /* icon-76.png */ = {isa = PBXFileReference; lastKnownFileType = image.png; path = "icon-76.png"; sourceTree = "<group>"; };
		3BC140DC19E6E9D800C4A249 /* icon-80.png */ = {isa = PBXFileReference; lastKnownFileType = image.png; path = "icon-80.png"; sourceTree = "<group>"; };
		3BC140DD19E6E9D800C4A249 /* icon-100.png */ = {isa = PBXFileReference; lastKnownFileType = image.png; path = "icon-100.png"; sourceTree = "<group>"; };
		3BC140DE19E6E9D800C4A249 /* icon-114.png */ = {isa = PBXFileReference; lastKnownFileType = image.png; path = "icon-114.png"; sourceTree = "<group>"; };
		3BC140DF19E6E9D800C4A249 /* icon-120.png */ = {isa = PBXFileReference; lastKnownFileType = image.png; path = "icon-120.png"; sourceTree = "<group>"; };
		3BC140E019E6E9D800C4A249 /* icon-144.png */ = {isa = PBXFileReference; lastKnownFileType = image.png; path = "icon-144.png"; sourceTree = "<group>"; };
		3BC140E119E6E9D800C4A249 /* icon-152.png */ = {isa = PBXFileReference; lastKnownFileType = image.png; path = "icon-152.png"; sourceTree = "<group>"; };
		3DE627338F9F43E9B38C1EC0 /* CDVLogger.m */ = {isa = PBXFileReference; fileEncoding = 4; lastKnownFileType = sourcecode.c.objc; name = CDVLogger.m; path = org.apache.cordova.console/CDVLogger.m; sourceTree = "<group>"; };
		434DB892815449D59C8DF757 /* CDVDevice.h */ = {isa = PBXFileReference; fileEncoding = 4; lastKnownFileType = sourcecode.c.h; name = CDVDevice.h; path = org.apache.cordova.device/CDVDevice.h; sourceTree = "<group>"; };
		4439A3B3E8254DDDB250B480 /* CDVConnection.m */ = {isa = PBXFileReference; fileEncoding = 4; lastKnownFileType = sourcecode.c.objc; name = CDVConnection.m; path = "org.apache.cordova.network-information/CDVConnection.m"; sourceTree = "<group>"; };
		457F21A4DEEA4B0B840692D8 /* CloudFivePush.m */ = {isa = PBXFileReference; fileEncoding = 4; lastKnownFileType = sourcecode.c.objc; name = CloudFivePush.m; path = com.cloudfiveapp.push/CloudFivePush.m; sourceTree = "<group>"; };
		47C0FBE66A9B4F8D93B23606 /* CDVReachability.h */ = {isa = PBXFileReference; fileEncoding = 4; lastKnownFileType = sourcecode.c.h; name = CDVReachability.h; path = "org.apache.cordova.network-information/CDVReachability.h"; sourceTree = "<group>"; };
		5B0FE0DED2854842B5BE069F /* CDVDevice.m */ = {isa = PBXFileReference; fileEncoding = 4; lastKnownFileType = sourcecode.c.objc; name = CDVDevice.m; path = org.apache.cordova.device/CDVDevice.m; sourceTree = "<group>"; };
		5B1594DC16A7569C00FEF299 /* AssetsLibrary.framework */ = {isa = PBXFileReference; lastKnownFileType = wrapper.framework; name = AssetsLibrary.framework; path = System/Library/Frameworks/AssetsLibrary.framework; sourceTree = SDKROOT; };
		748A600C1DC6476B8C47D18E /* CDVExif.h */ = {isa = PBXFileReference; fileEncoding = 4; lastKnownFileType = sourcecode.c.h; name = CDVExif.h; path = org.apache.cordova.camera/CDVExif.h; sourceTree = "<group>"; };
		7E85D6EB62734B829DC32B6C /* CDVLogger.h */ = {isa = PBXFileReference; fileEncoding = 4; lastKnownFileType = sourcecode.c.h; name = CDVLogger.h; path = org.apache.cordova.console/CDVLogger.h; sourceTree = "<group>"; };
		80D138FFAC7948F8A2DBEA82 /* Sms.h */ = {isa = PBXFileReference; fileEncoding = 4; lastKnownFileType = sourcecode.c.h; name = Sms.h; path = org.apache.cordova.plugin.sms/Sms.h; sourceTree = "<group>"; };
		849B779AA6F04CD89D02DB02 /* Sms.m */ = {isa = PBXFileReference; fileEncoding = 4; lastKnownFileType = sourcecode.c.objc; name = Sms.m; path = org.apache.cordova.plugin.sms/Sms.m; sourceTree = "<group>"; };
		858A0B4094904A1A89B61525 /* CDVFileTransfer.m */ = {isa = PBXFileReference; fileEncoding = 4; lastKnownFileType = sourcecode.c.objc; name = CDVFileTransfer.m; path = "org.apache.cordova.file-transfer/CDVFileTransfer.m"; sourceTree = "<group>"; };
		87DF44EA41F94F5EBC8554D9 /* CDVCamera.h */ = {isa = PBXFileReference; fileEncoding = 4; lastKnownFileType = sourcecode.c.h; name = CDVCamera.h; path = org.apache.cordova.camera/CDVCamera.h; sourceTree = "<group>"; };
		8D1107310486CEB800E47090 /* Mobile Doorman-Info.plist */ = {isa = PBXFileReference; fileEncoding = 4; lastKnownFileType = text.plist.xml; name = "Mobile Doorman-Info.plist"; path = "../Mobile Doorman-Info.plist"; plistStructureDefinitionIdentifier = "com.apple.xcode.plist.structure-definition.iphone.info-plist"; sourceTree = "<group>"; };
		916A06231F0844B9802A6FB9 /* CDVFile.m */ = {isa = PBXFileReference; fileEncoding = 4; lastKnownFileType = sourcecode.c.objc; name = CDVFile.m; path = org.apache.cordova.file/CDVFile.m; sourceTree = "<group>"; };
		93ADFAA5F3C74106AE98EAC2 /* MessageUI.framework */ = {isa = PBXFileReference; fileEncoding = 4; lastKnownFileType = wrapper.framework; name = MessageUI.framework; path = System/Library/Frameworks/MessageUI.framework; sourceTree = SDKROOT; };
		9E924A59A78447D7A7E2C32F /* CDVLocalFilesystem.h */ = {isa = PBXFileReference; fileEncoding = 4; lastKnownFileType = sourcecode.c.h; name = CDVLocalFilesystem.h; path = org.apache.cordova.file/CDVLocalFilesystem.h; sourceTree = "<group>"; };
		ACC8085A0B944D27AFAAB341 /* CloudFivePush.h */ = {isa = PBXFileReference; fileEncoding = 4; lastKnownFileType = sourcecode.c.h; name = CloudFivePush.h; path = com.cloudfiveapp.push/CloudFivePush.h; sourceTree = "<group>"; };
		AE406AFFD4EA44E4A8AD8BE7 /* AppDelegate+notification.h */ = {isa = PBXFileReference; fileEncoding = 4; lastKnownFileType = sourcecode.c.h; name = "AppDelegate+notification.h"; path = "com.cloudfiveapp.push/AppDelegate+notification.h"; sourceTree = "<group>"; };
		B28CC872E0DC4DC0BA50370F /* CDVLocalFilesystem.m */ = {isa = PBXFileReference; fileEncoding = 4; lastKnownFileType = sourcecode.c.objc; name = CDVLocalFilesystem.m; path = org.apache.cordova.file/CDVLocalFilesystem.m; sourceTree = "<group>"; };
		B9B24BE737BA4F99843CE4CB /* CDVAssetLibraryFilesystem.h */ = {isa = PBXFileReference; fileEncoding = 4; lastKnownFileType = sourcecode.c.h; name = CDVAssetLibraryFilesystem.h; path = org.apache.cordova.file/CDVAssetLibraryFilesystem.h; sourceTree = "<group>"; };
		C1D33DFCBE0C44749A115DB3 /* CDVCamera.m */ = {isa = PBXFileReference; fileEncoding = 4; lastKnownFileType = sourcecode.c.objc; name = CDVCamera.m; path = org.apache.cordova.camera/CDVCamera.m; sourceTree = "<group>"; };
		D4A0D8751607E02300AEF8BB /* Default-568h@2x~iphone.png */ = {isa = PBXFileReference; lastKnownFileType = image.png; path = "Default-568h@2x~iphone.png"; sourceTree = "<group>"; };
		E5B5F5AFDEE8400893FF69EB /* CDVJpegHeaderWriter.m */ = {isa = PBXFileReference; fileEncoding = 4; lastKnownFileType = sourcecode.c.objc; name = CDVJpegHeaderWriter.m; path = org.apache.cordova.camera/CDVJpegHeaderWriter.m; sourceTree = "<group>"; };
		E96EE60FE30943F2AC8C3BFC /* SystemConfiguration.framework */ = {isa = PBXFileReference; fileEncoding = 4; lastKnownFileType = wrapper.framework; name = SystemConfiguration.framework; path = System/Library/Frameworks/SystemConfiguration.framework; sourceTree = SDKROOT; };
		EA1735B791EE4CEFAB159C0F /* ImageIO.framework */ = {isa = PBXFileReference; fileEncoding = 4; lastKnownFileType = wrapper.framework; name = ImageIO.framework; path = System/Library/Frameworks/ImageIO.framework; sourceTree = SDKROOT; };
		EB87FDF21871DA7A0020F90C /* merges */ = {isa = PBXFileReference; lastKnownFileType = folder; name = merges; path = ../../merges; sourceTree = "<group>"; };
		EB87FDF31871DA8E0020F90C /* www */ = {isa = PBXFileReference; lastKnownFileType = folder; name = www; path = ../../www; sourceTree = "<group>"; };
		EB87FDF41871DAF40020F90C /* config.xml */ = {isa = PBXFileReference; lastKnownFileType = text.xml; name = config.xml; path = ../../config.xml; sourceTree = "<group>"; };
		EFA4E73C973A4FE8B8A564C8 /* CDVFileTransfer.h */ = {isa = PBXFileReference; fileEncoding = 4; lastKnownFileType = sourcecode.c.h; name = CDVFileTransfer.h; path = "org.apache.cordova.file-transfer/CDVFileTransfer.h"; sourceTree = "<group>"; };
		F09F69240DAE462A995198B7 /* CoreLocation.framework */ = {isa = PBXFileReference; fileEncoding = 4; lastKnownFileType = wrapper.framework; name = CoreLocation.framework; path = System/Library/Frameworks/CoreLocation.framework; sourceTree = SDKROOT; };
		F0FED88DEF77453980F8708E /* CDVFile.h */ = {isa = PBXFileReference; fileEncoding = 4; lastKnownFileType = sourcecode.c.h; name = CDVFile.h; path = org.apache.cordova.file/CDVFile.h; sourceTree = "<group>"; };
		F7BBB20051804DFE89D3C1A1 /* engage.aiff */ = {isa = PBXFileReference; fileEncoding = 4; lastKnownFileType = unknown; path = engage.aiff; sourceTree = "<group>"; };
		F840E1F0165FE0F500CFE078 /* config.xml */ = {isa = PBXFileReference; lastKnownFileType = text.xml; name = config.xml; path = "Mobile Doorman/config.xml"; sourceTree = "<group>"; };
/* End PBXFileReference section */

/* Begin PBXFrameworksBuildPhase section */
		1D60588F0D05DD3D006BFB54 /* Frameworks */ = {
			isa = PBXFrameworksBuildPhase;
			buildActionMask = 2147483647;
			files = (
				5B1594DD16A7569C00FEF299 /* AssetsLibrary.framework in Frameworks */,
				301BF552109A68D80062928A /* libCordova.a in Frameworks */,
				288765FD0DF74451002DB57D /* CoreGraphics.framework in Frameworks */,
				305D5FD1115AB8F900A74A75 /* MobileCoreServices.framework in Frameworks */,
				710E6CDBA6554F52B7518CDA /* ImageIO.framework in Frameworks */,
				1655793FC4174167A4C3EDD4 /* CoreLocation.framework in Frameworks */,
				B9E94C1BDE22486D9116F557 /* MessageUI.framework in Frameworks */,
				7251AF7C8093466687872A7E /* SystemConfiguration.framework in Frameworks */,
			);
			runOnlyForDeploymentPostprocessing = 0;
		};
/* End PBXFrameworksBuildPhase section */

/* Begin PBXGroup section */
		080E96DDFE201D6D7F000001 /* Classes */ = {
			isa = PBXGroup;
			children = (
				302D95EE14D2391D003F00A1 /* MainViewController.h */,
				302D95EF14D2391D003F00A1 /* MainViewController.m */,
				302D95F014D2391D003F00A1 /* MainViewController.xib */,
				1D3623240D0F684500981E51 /* AppDelegate.h */,
				1D3623250D0F684500981E51 /* AppDelegate.m */,
			);
			name = Classes;
			path = "Mobile Doorman/Classes";
			sourceTree = SOURCE_ROOT;
		};
		19C28FACFE9D520D11CA2CBB /* Products */ = {
			isa = PBXGroup;
			children = (
				1D6058910D05DD3D006BFB54 /* Mobile Doorman.app */,
			);
			name = Products;
			sourceTree = "<group>";
		};
		1F766FDB13BBADB100FB74C0 /* en.lproj */ = {
			isa = PBXGroup;
			children = (
				1F766FDC13BBADB100FB74C0 /* Localizable.strings */,
			);
			path = en.lproj;
			sourceTree = "<group>";
		};
		1F766FDE13BBADB100FB74C0 /* es.lproj */ = {
			isa = PBXGroup;
			children = (
				1F766FDF13BBADB100FB74C0 /* Localizable.strings */,
			);
			path = es.lproj;
			sourceTree = "<group>";
		};
		29B97314FDCFA39411CA2CEA /* CustomTemplate */ = {
			isa = PBXGroup;
			children = (
				3BC1405619E6E34500C4A249 /* 180 N Jefferson */,
				3BC1406719E6E34500C4A249 /* Fieldpointe */,
				3BC1407819E6E34500C4A249 /* Grand Plaza */,
				3BC1407F19E6E34500C4A249 /* Hampton Gardens */,
				3BC1409019E6E34600C4A249 /* Infinite */,
				3BC140A119E6E34600C4A249 /* Rise */,
				3BC140B219E6E34600C4A249 /* Uncommon */,
				3BC140C319E6E34600C4A249 /* Wheaton Center */,
				EB87FDF41871DAF40020F90C /* config.xml */,
				EB87FDF31871DA8E0020F90C /* www */,
				EB87FDF21871DA7A0020F90C /* merges */,
				EB87FDF11871DA420020F90C /* Staging */,
				301BF52D109A57CC0062928A /* CordovaLib.xcodeproj */,
				080E96DDFE201D6D7F000001 /* Classes */,
				307C750510C5A3420062BCA9 /* Plugins */,
				29B97315FDCFA39411CA2CEA /* Other Sources */,
				29B97317FDCFA39411CA2CEA /* Resources */,
				29B97323FDCFA39411CA2CEA /* Frameworks */,
				19C28FACFE9D520D11CA2CBB /* Products */,
			);
			name = CustomTemplate;
			sourceTree = "<group>";
		};
		29B97315FDCFA39411CA2CEA /* Other Sources */ = {
			isa = PBXGroup;
			children = (
				32CA4F630368D1EE00C91783 /* Mobile Doorman-Prefix.pch */,
				29B97316FDCFA39411CA2CEA /* main.m */,
			);
			name = "Other Sources";
			path = "Mobile Doorman";
			sourceTree = "<group>";
		};
		29B97317FDCFA39411CA2CEA /* Resources */ = {
			isa = PBXGroup;
			children = (
				30A0434214DC770100060A13 /* de.lproj */,
				30A0434514DC770100060A13 /* se.lproj */,
				1F766FDB13BBADB100FB74C0 /* en.lproj */,
				1F766FDE13BBADB100FB74C0 /* es.lproj */,
				308D052D1370CCF300D202BF /* icons */,
				308D05311370CCF300D202BF /* splash */,
				8D1107310486CEB800E47090 /* Mobile Doorman-Info.plist */,
				F7BBB20051804DFE89D3C1A1 /* engage.aiff */,
			);
			name = Resources;
			path = "Mobile Doorman/Resources";
			sourceTree = "<group>";
		};
		29B97323FDCFA39411CA2CEA /* Frameworks */ = {
			isa = PBXGroup;
			children = (
				5B1594DC16A7569C00FEF299 /* AssetsLibrary.framework */,
				288765FC0DF74451002DB57D /* CoreGraphics.framework */,
				305D5FD0115AB8F900A74A75 /* MobileCoreServices.framework */,
				EA1735B791EE4CEFAB159C0F /* ImageIO.framework */,
				F09F69240DAE462A995198B7 /* CoreLocation.framework */,
				93ADFAA5F3C74106AE98EAC2 /* MessageUI.framework */,
				E96EE60FE30943F2AC8C3BFC /* SystemConfiguration.framework */,
			);
			name = Frameworks;
			sourceTree = "<group>";
		};
		301BF52E109A57CC0062928A /* Products */ = {
			isa = PBXGroup;
			children = (
				301BF535109A57CC0062928A /* libCordova.a */,
			);
			name = Products;
			sourceTree = "<group>";
		};
		307C750510C5A3420062BCA9 /* Plugins */ = {
			isa = PBXGroup;
			children = (
				457F21A4DEEA4B0B840692D8 /* CloudFivePush.m */,
				35FAEA474A80406BA957FAE7 /* AppDelegate+notification.m */,
				ACC8085A0B944D27AFAAB341 /* CloudFivePush.h */,
				AE406AFFD4EA44E4A8AD8BE7 /* AppDelegate+notification.h */,
				C1D33DFCBE0C44749A115DB3 /* CDVCamera.m */,
				E5B5F5AFDEE8400893FF69EB /* CDVJpegHeaderWriter.m */,
				87DF44EA41F94F5EBC8554D9 /* CDVCamera.h */,
				1D559F820E05462581114B6C /* CDVJpegHeaderWriter.h */,
				748A600C1DC6476B8C47D18E /* CDVExif.h */,
				916A06231F0844B9802A6FB9 /* CDVFile.m */,
				B28CC872E0DC4DC0BA50370F /* CDVLocalFilesystem.m */,
				33A33A10F2404B118A1034D8 /* CDVAssetLibraryFilesystem.m */,
				F0FED88DEF77453980F8708E /* CDVFile.h */,
				9E924A59A78447D7A7E2C32F /* CDVLocalFilesystem.h */,
				B9B24BE737BA4F99843CE4CB /* CDVAssetLibraryFilesystem.h */,
				858A0B4094904A1A89B61525 /* CDVFileTransfer.m */,
				EFA4E73C973A4FE8B8A564C8 /* CDVFileTransfer.h */,
				849B779AA6F04CD89D02DB02 /* Sms.m */,
				80D138FFAC7948F8A2DBEA82 /* Sms.h */,
				5B0FE0DED2854842B5BE069F /* CDVDevice.m */,
				434DB892815449D59C8DF757 /* CDVDevice.h */,
				3DE627338F9F43E9B38C1EC0 /* CDVLogger.m */,
				7E85D6EB62734B829DC32B6C /* CDVLogger.h */,
				4439A3B3E8254DDDB250B480 /* CDVConnection.m */,
				15723593AB9C4F8CA9173011 /* CDVReachability.m */,
				1C798B4C9A2A45819FA70107 /* CDVConnection.h */,
				47C0FBE66A9B4F8D93B23606 /* CDVReachability.h */,
			);
			name = Plugins;
			path = "Mobile Doorman/Plugins";
			sourceTree = SOURCE_ROOT;
		};
		308D052D1370CCF300D202BF /* icons */ = {
			isa = PBXGroup;
			children = (
				3BC140D419E6E9D800C4A249 /* icon-29.png */,
				3BC140D519E6E9D800C4A249 /* icon-40.png */,
				3BC140D619E6E9D800C4A249 /* icon-50.png */,
				3BC140D719E6E9D800C4A249 /* icon-57.png */,
				3BC140D819E6E9D800C4A249 /* icon-58.png */,
				3BC140D919E6E9D800C4A249 /* icon-60.png */,
				3BC140DA19E6E9D800C4A249 /* icon-72.png */,
				3BC140DB19E6E9D800C4A249 /* icon-76.png */,
				3BC140DC19E6E9D800C4A249 /* icon-80.png */,
				3BC140DD19E6E9D800C4A249 /* icon-100.png */,
				3BC140DE19E6E9D800C4A249 /* icon-114.png */,
				3BC140DF19E6E9D800C4A249 /* icon-120.png */,
				3BC140E019E6E9D800C4A249 /* icon-144.png */,
				3BC140E119E6E9D800C4A249 /* icon-152.png */,
			);
			path = icons;
			sourceTree = "<group>";
		};
		308D05311370CCF300D202BF /* splash */ = {
			isa = PBXGroup;
			children = (
				D4A0D8751607E02300AEF8BB /* Default-568h@2x~iphone.png */,
				3088BBB7154F3926009F9C59 /* Default-Landscape@2x~ipad.png */,
				3088BBB8154F3926009F9C59 /* Default-Landscape~ipad.png */,
				3088BBB9154F3926009F9C59 /* Default-Portrait@2x~ipad.png */,
				3088BBBA154F3926009F9C59 /* Default-Portrait~ipad.png */,
				3088BBBB154F3926009F9C59 /* Default@2x~iphone.png */,
			);
			path = splash;
			sourceTree = "<group>";
		};
		30A0434214DC770100060A13 /* de.lproj */ = {
			isa = PBXGroup;
			children = (
				30A0434314DC770100060A13 /* Localizable.strings */,
			);
			path = de.lproj;
			sourceTree = "<group>";
		};
		30A0434514DC770100060A13 /* se.lproj */ = {
			isa = PBXGroup;
			children = (
				30A0434614DC770100060A13 /* Localizable.strings */,
			);
			path = se.lproj;
			sourceTree = "<group>";
		};
		3BC1405619E6E34500C4A249 /* 180 N Jefferson */ = {
			isa = PBXGroup;
			children = (
				3BC1405719E6E34500C4A249 /* 180 N Jefferson-Info.plist */,
				3BC1405819E6E34500C4A249 /* icons */,
				3BC1406019E6E34500C4A249 /* splash */,
			);
			path = "180 N Jefferson";
			sourceTree = "<group>";
		};
		3BC1405819E6E34500C4A249 /* icons */ = {
			isa = PBXGroup;
			children = (
				3BC1405919E6E34500C4A249 /* icon-120.png */,
				3BC1405A19E6E34500C4A249 /* icon-152.png */,
				3BC1405B19E6E34500C4A249 /* icon-29.png */,
				3BC1405C19E6E34500C4A249 /* icon-40.png */,
				3BC1405D19E6E34500C4A249 /* icon-58.png */,
				3BC1405E19E6E34500C4A249 /* icon-76.png */,
				3BC1405F19E6E34500C4A249 /* icon-80.png */,
			);
			path = icons;
			sourceTree = "<group>";
		};
		3BC1406019E6E34500C4A249 /* splash */ = {
			isa = PBXGroup;
			children = (
				3BC1406119E6E34500C4A249 /* Default-568h@2x~iphone.png */,
				3BC1406219E6E34500C4A249 /* Default-Landscape@2x~ipad.png */,
				3BC1406319E6E34500C4A249 /* Default-Landscape~ipad.png */,
				3BC1406419E6E34500C4A249 /* Default-Portrait@2x~ipad.png */,
				3BC1406519E6E34500C4A249 /* Default-Portrait~ipad.png */,
				3BC1406619E6E34500C4A249 /* Default@2x~iphone.png */,
			);
			path = splash;
			sourceTree = "<group>";
		};
		3BC1406719E6E34500C4A249 /* Fieldpointe */ = {
			isa = PBXGroup;
			children = (
				3BC1406819E6E34500C4A249 /* Fieldpointe-Info.plist */,
				3BC1406919E6E34500C4A249 /* icons */,
				3BC1407119E6E34500C4A249 /* splash */,
			);
			path = Fieldpointe;
			sourceTree = "<group>";
		};
		3BC1406919E6E34500C4A249 /* icons */ = {
			isa = PBXGroup;
			children = (
				3BC1406A19E6E34500C4A249 /* icon-120.png */,
				3BC1406B19E6E34500C4A249 /* icon-152.png */,
				3BC1406C19E6E34500C4A249 /* icon-29.png */,
				3BC1406D19E6E34500C4A249 /* icon-40.png */,
				3BC1406E19E6E34500C4A249 /* icon-58.png */,
				3BC1406F19E6E34500C4A249 /* icon-76.png */,
				3BC1407019E6E34500C4A249 /* icon-80.png */,
			);
			path = icons;
			sourceTree = "<group>";
		};
		3BC1407119E6E34500C4A249 /* splash */ = {
			isa = PBXGroup;
			children = (
				3BC1407219E6E34500C4A249 /* Default-568h@2x~iphone.png */,
				3BC1407319E6E34500C4A249 /* Default-Landscape@2x~ipad.png */,
				3BC1407419E6E34500C4A249 /* Default-Landscape~ipad.png */,
				3BC1407519E6E34500C4A249 /* Default-Portrait@2x~ipad.png */,
				3BC1407619E6E34500C4A249 /* Default-Portrait~ipad.png */,
				3BC1407719E6E34500C4A249 /* Default@2x~iphone.png */,
			);
			path = splash;
			sourceTree = "<group>";
		};
		3BC1407819E6E34500C4A249 /* Grand Plaza */ = {
			isa = PBXGroup;
			children = (
				3BC1407919E6E34500C4A249 /* AirshipConfig.plist */,
				3BC1407A19E6E34500C4A249 /* InfoPlist.strings */,
				3BC1407C19E6E34500C4A249 /* Grand Plaza-Info.plist */,
				3BC1407D19E6E34500C4A249 /* Grand Plaza-Prefix.pch */,
				3BC1407E19E6E34500C4A249 /* Images.xcassets */,
			);
			path = "Grand Plaza";
			sourceTree = "<group>";
		};
		3BC1407F19E6E34500C4A249 /* Hampton Gardens */ = {
			isa = PBXGroup;
			children = (
				3BC1408019E6E34500C4A249 /* Hampton Gardens-Info.plist */,
				3BC1408119E6E34500C4A249 /* icons */,
				3BC1408919E6E34600C4A249 /* splash */,
			);
			path = "Hampton Gardens";
			sourceTree = "<group>";
		};
		3BC1408119E6E34500C4A249 /* icons */ = {
			isa = PBXGroup;
			children = (
				3BC1408219E6E34500C4A249 /* icon-120.png */,
				3BC1408319E6E34500C4A249 /* icon-152.png */,
				3BC1408419E6E34500C4A249 /* icon-29.png */,
				3BC1408519E6E34600C4A249 /* icon-40.png */,
				3BC1408619E6E34600C4A249 /* icon-58.png */,
				3BC1408719E6E34600C4A249 /* icon-76.png */,
				3BC1408819E6E34600C4A249 /* icon-80.png */,
			);
			path = icons;
			sourceTree = "<group>";
		};
		3BC1408919E6E34600C4A249 /* splash */ = {
			isa = PBXGroup;
			children = (
				3BC1408A19E6E34600C4A249 /* Default-568h@2x~iphone.png */,
				3BC1408B19E6E34600C4A249 /* Default-Landscape@2x~ipad.png */,
				3BC1408C19E6E34600C4A249 /* Default-Landscape~ipad.png */,
				3BC1408D19E6E34600C4A249 /* Default-Portrait@2x~ipad.png */,
				3BC1408E19E6E34600C4A249 /* Default-Portrait~ipad.png */,
				3BC1408F19E6E34600C4A249 /* Default@2x~iphone.png */,
			);
			path = splash;
			sourceTree = "<group>";
		};
		3BC1409019E6E34600C4A249 /* Infinite */ = {
			isa = PBXGroup;
			children = (
				3BC1409119E6E34600C4A249 /* icons */,
				3BC1409919E6E34600C4A249 /* Infinite-Info.plist */,
				3BC1409A19E6E34600C4A249 /* splash */,
			);
			path = Infinite;
			sourceTree = "<group>";
		};
		3BC1409119E6E34600C4A249 /* icons */ = {
			isa = PBXGroup;
			children = (
				3BC1409219E6E34600C4A249 /* icon-120.png */,
				3BC1409319E6E34600C4A249 /* icon-152.png */,
				3BC1409419E6E34600C4A249 /* icon-29.png */,
				3BC1409519E6E34600C4A249 /* icon-40.png */,
				3BC1409619E6E34600C4A249 /* icon-58.png */,
				3BC1409719E6E34600C4A249 /* icon-76.png */,
				3BC1409819E6E34600C4A249 /* icon-80.png */,
			);
			path = icons;
			sourceTree = "<group>";
		};
		3BC1409A19E6E34600C4A249 /* splash */ = {
			isa = PBXGroup;
			children = (
				3BC1409B19E6E34600C4A249 /* Default-568h@2x~iphone.png */,
				3BC1409C19E6E34600C4A249 /* Default-Landscape@2x~ipad.png */,
				3BC1409D19E6E34600C4A249 /* Default-Landscape~ipad.png */,
				3BC1409E19E6E34600C4A249 /* Default-Portrait@2x~ipad.png */,
				3BC1409F19E6E34600C4A249 /* Default-Portrait~ipad.png */,
				3BC140A019E6E34600C4A249 /* Default@2x~iphone.png */,
			);
			path = splash;
			sourceTree = "<group>";
		};
		3BC140A119E6E34600C4A249 /* Rise */ = {
			isa = PBXGroup;
			children = (
				3BC140A219E6E34600C4A249 /* icons */,
				3BC140AA19E6E34600C4A249 /* Rise-Info.plist */,
				3BC140AB19E6E34600C4A249 /* splash */,
			);
			path = Rise;
			sourceTree = "<group>";
		};
		3BC140A219E6E34600C4A249 /* icons */ = {
			isa = PBXGroup;
			children = (
				3BC140A319E6E34600C4A249 /* icon-120.png */,
				3BC140A419E6E34600C4A249 /* icon-152.png */,
				3BC140A519E6E34600C4A249 /* icon-29.png */,
				3BC140A619E6E34600C4A249 /* icon-40.png */,
				3BC140A719E6E34600C4A249 /* icon-58.png */,
				3BC140A819E6E34600C4A249 /* icon-76.png */,
				3BC140A919E6E34600C4A249 /* icon-80.png */,
			);
			path = icons;
			sourceTree = "<group>";
		};
		3BC140AB19E6E34600C4A249 /* splash */ = {
			isa = PBXGroup;
			children = (
				3BC140AC19E6E34600C4A249 /* Default-568h@2x~iphone.png */,
				3BC140AD19E6E34600C4A249 /* Default-Landscape@2x~ipad.png */,
				3BC140AE19E6E34600C4A249 /* Default-Landscape~ipad.png */,
				3BC140AF19E6E34600C4A249 /* Default-Portrait@2x~ipad.png */,
				3BC140B019E6E34600C4A249 /* Default-Portrait~ipad.png */,
				3BC140B119E6E34600C4A249 /* Default@2x~iphone.png */,
			);
			path = splash;
			sourceTree = "<group>";
		};
		3BC140B219E6E34600C4A249 /* Uncommon */ = {
			isa = PBXGroup;
			children = (
				3BC140B319E6E34600C4A249 /* icons */,
				3BC140BB19E6E34600C4A249 /* splash */,
				3BC140C219E6E34600C4A249 /* Uncommon-Info.plist */,
			);
			path = Uncommon;
			sourceTree = "<group>";
		};
		3BC140B319E6E34600C4A249 /* icons */ = {
			isa = PBXGroup;
			children = (
				3BC140B419E6E34600C4A249 /* icon-120.png */,
				3BC140B519E6E34600C4A249 /* icon-152.png */,
				3BC140B619E6E34600C4A249 /* icon-29.png */,
				3BC140B719E6E34600C4A249 /* icon-40.png */,
				3BC140B819E6E34600C4A249 /* icon-58.png */,
				3BC140B919E6E34600C4A249 /* icon-76.png */,
				3BC140BA19E6E34600C4A249 /* icon-80.png */,
			);
			path = icons;
			sourceTree = "<group>";
		};
		3BC140BB19E6E34600C4A249 /* splash */ = {
			isa = PBXGroup;
			children = (
				3BC140BC19E6E34600C4A249 /* Default-568h@2x~iphone.png */,
				3BC140BD19E6E34600C4A249 /* Default-Landscape@2x~ipad.png */,
				3BC140BE19E6E34600C4A249 /* Default-Landscape~ipad.png */,
				3BC140BF19E6E34600C4A249 /* Default-Portrait@2x~ipad.png */,
				3BC140C019E6E34600C4A249 /* Default-Portrait~ipad.png */,
				3BC140C119E6E34600C4A249 /* Default@2x~iphone.png */,
			);
			path = splash;
			sourceTree = "<group>";
		};
		3BC140C319E6E34600C4A249 /* Wheaton Center */ = {
			isa = PBXGroup;
			children = (
				3BC140C419E6E34600C4A249 /* icons */,
				3BC140CC19E6E34600C4A249 /* splash */,
				3BC140D319E6E34600C4A249 /* Wheaton Center-Info.plist */,
			);
			path = "Wheaton Center";
			sourceTree = "<group>";
		};
		3BC140C419E6E34600C4A249 /* icons */ = {
			isa = PBXGroup;
			children = (
				3BC140C519E6E34600C4A249 /* icon-120.png */,
				3BC140C619E6E34600C4A249 /* icon-152.png */,
				3BC140C719E6E34600C4A249 /* icon-29.png */,
				3BC140C819E6E34600C4A249 /* icon-40.png */,
				3BC140C919E6E34600C4A249 /* icon-58.png */,
				3BC140CA19E6E34600C4A249 /* icon-76.png */,
				3BC140CB19E6E34600C4A249 /* icon-80.png */,
			);
			path = icons;
			sourceTree = "<group>";
		};
		3BC140CC19E6E34600C4A249 /* splash */ = {
			isa = PBXGroup;
			children = (
				3BC140CD19E6E34600C4A249 /* Default-568h@2x~iphone.png */,
				3BC140CE19E6E34600C4A249 /* Default-Landscape@2x~ipad.png */,
				3BC140CF19E6E34600C4A249 /* Default-Landscape~ipad.png */,
				3BC140D019E6E34600C4A249 /* Default-Portrait@2x~ipad.png */,
				3BC140D119E6E34600C4A249 /* Default-Portrait~ipad.png */,
				3BC140D219E6E34600C4A249 /* Default@2x~iphone.png */,
			);
			path = splash;
			sourceTree = "<group>";
		};
		EB87FDF11871DA420020F90C /* Staging */ = {
			isa = PBXGroup;
			children = (
				F840E1F0165FE0F500CFE078 /* config.xml */,
				301BF56E109A69640062928A /* www */,
			);
			name = Staging;
			sourceTree = "<group>";
		};
/* End PBXGroup section */

/* Begin PBXNativeTarget section */
		1D6058900D05DD3D006BFB54 /* Mobile Doorman */ = {
			isa = PBXNativeTarget;
			buildConfigurationList = 1D6058960D05DD3E006BFB54 /* Build configuration list for PBXNativeTarget "Mobile Doorman" */;
			buildPhases = (
				304B58A110DAC018002A0835 /* Copy www directory */,
				1D60588D0D05DD3D006BFB54 /* Resources */,
				1D60588E0D05DD3D006BFB54 /* Sources */,
				1D60588F0D05DD3D006BFB54 /* Frameworks */,
			);
			buildRules = (
			);
			dependencies = (
				301BF551109A68C00062928A /* PBXTargetDependency */,
			);
			name = "Mobile Doorman";
			productName = "Mobile Doorman";
			productReference = 1D6058910D05DD3D006BFB54 /* Mobile Doorman.app */;
			productType = "com.apple.product-type.application";
		};
/* End PBXNativeTarget section */

/* Begin PBXProject section */
		29B97313FDCFA39411CA2CEA /* Project object */ = {
			isa = PBXProject;
			attributes = {
				LastUpgradeCheck = 510;
			};
			buildConfigurationList = C01FCF4E08A954540054247B /* Build configuration list for PBXProject "Mobile Doorman" */;
			compatibilityVersion = "Xcode 3.2";
			developmentRegion = English;
			hasScannedForEncodings = 1;
			knownRegions = (
				English,
				Japanese,
				French,
				German,
				en,
				es,
				de,
				se,
			);
			mainGroup = 29B97314FDCFA39411CA2CEA /* CustomTemplate */;
			projectDirPath = "";
			projectReferences = (
				{
					ProductGroup = 301BF52E109A57CC0062928A /* Products */;
					ProjectRef = 301BF52D109A57CC0062928A /* CordovaLib.xcodeproj */;
				},
			);
			projectRoot = "";
			targets = (
				1D6058900D05DD3D006BFB54 /* Mobile Doorman */,
			);
		};
/* End PBXProject section */

/* Begin PBXReferenceProxy section */
		301BF535109A57CC0062928A /* libCordova.a */ = {
			isa = PBXReferenceProxy;
			fileType = archive.ar;
			path = libCordova.a;
			remoteRef = 301BF534109A57CC0062928A /* PBXContainerItemProxy */;
			sourceTree = BUILT_PRODUCTS_DIR;
		};
/* End PBXReferenceProxy section */

/* Begin PBXResourcesBuildPhase section */
		1D60588D0D05DD3D006BFB54 /* Resources */ = {
			isa = PBXResourcesBuildPhase;
			buildActionMask = 2147483647;
			files = (
				3BC140E519E6E9D800C4A249 /* icon-57.png in Resources */,
				3BC140E919E6E9D800C4A249 /* icon-76.png in Resources */,
				1F766FE113BBADB100FB74C0 /* Localizable.strings in Resources */,
				3BC140E819E6E9D800C4A249 /* icon-72.png in Resources */,
				3BC140EF19E6E9D800C4A249 /* icon-152.png in Resources */,
				3BC140E319E6E9D800C4A249 /* icon-40.png in Resources */,
				302D95F214D2391D003F00A1 /* MainViewController.xib in Resources */,
				3BC140EE19E6E9D800C4A249 /* icon-144.png in Resources */,
				30A0434814DC770100060A13 /* Localizable.strings in Resources */,
				3BC140E419E6E9D800C4A249 /* icon-50.png in Resources */,
				3BC140E719E6E9D800C4A249 /* icon-60.png in Resources */,
				3088BBBD154F3926009F9C59 /* Default-Landscape@2x~ipad.png in Resources */,
				3BC140EB19E6E9D800C4A249 /* icon-100.png in Resources */,
				3BC140EC19E6E9D800C4A249 /* icon-114.png in Resources */,
				3BC140ED19E6E9D800C4A249 /* icon-120.png in Resources */,
				3088BBBE154F3926009F9C59 /* Default-Landscape~ipad.png in Resources */,
				3088BBBF154F3926009F9C59 /* Default-Portrait@2x~ipad.png in Resources */,
				3088BBC0154F3926009F9C59 /* Default-Portrait~ipad.png in Resources */,
				3088BBC1154F3926009F9C59 /* Default@2x~iphone.png in Resources */,
				3BC140E219E6E9D800C4A249 /* icon-29.png in Resources */,
				D4A0D8761607E02300AEF8BB /* Default-568h@2x~iphone.png in Resources */,
				3BC140E619E6E9D800C4A249 /* icon-58.png in Resources */,
				BB3D0FC3A9BB4A05BB8BEBDD /* engage.aiff in Resources */,
				3BC140EA19E6E9D800C4A249 /* icon-80.png in Resources */,
			);
			runOnlyForDeploymentPostprocessing = 0;
		};
/* End PBXResourcesBuildPhase section */

/* Begin PBXShellScriptBuildPhase section */
		304B58A110DAC018002A0835 /* Copy www directory */ = {
			isa = PBXShellScriptBuildPhase;
			buildActionMask = 2147483647;
			files = (
			);
			inputPaths = (
			);
			name = "Copy www directory";
			outputPaths = (
			);
			runOnlyForDeploymentPostprocessing = 0;
			shellPath = /bin/sh;
			shellScript = "cordova/lib/copy-www-build-step.sh";
			showEnvVarsInLog = 0;
		};
/* End PBXShellScriptBuildPhase section */

/* Begin PBXSourcesBuildPhase section */
		1D60588E0D05DD3D006BFB54 /* Sources */ = {
			isa = PBXSourcesBuildPhase;
			buildActionMask = 2147483647;
			files = (
				1D60589B0D05DD56006BFB54 /* main.m in Sources */,
				1D3623260D0F684500981E51 /* AppDelegate.m in Sources */,
				302D95F114D2391D003F00A1 /* MainViewController.m in Sources */,
				2F7DEE846C7A47BCBDF1C25B /* CloudFivePush.m in Sources */,
				AF58324C8C494BAFA9E65F9C /* AppDelegate+notification.m in Sources */,
				5A58FFCD40C14821A2F743C3 /* CDVCamera.m in Sources */,
				66CA73C93B6744D3968C4257 /* CDVJpegHeaderWriter.m in Sources */,
				1D8F561B68E24BC495377993 /* CDVFile.m in Sources */,
				1060EF45FD8B4C4CA61101C3 /* CDVLocalFilesystem.m in Sources */,
				E6AE676A74A44611BCF394D2 /* CDVAssetLibraryFilesystem.m in Sources */,
				2E3B188DCE23406281950175 /* CDVFileTransfer.m in Sources */,
				FE85744DE7EB4ED784C0C3E2 /* Sms.m in Sources */,
				30D5E29CCFAF4AAA8ECEE21E /* CDVDevice.m in Sources */,
				CDC13ECBA98A46E3BEF046C7 /* CDVLogger.m in Sources */,
				58A4DC35C7BA4D58913395EB /* CDVConnection.m in Sources */,
				47ECE919BB554BAEB6538B0C /* CDVReachability.m in Sources */,
			);
			runOnlyForDeploymentPostprocessing = 0;
		};
/* End PBXSourcesBuildPhase section */

/* Begin PBXTargetDependency section */
		301BF551109A68C00062928A /* PBXTargetDependency */ = {
			isa = PBXTargetDependency;
			name = CordovaLib;
			targetProxy = 301BF550109A68C00062928A /* PBXContainerItemProxy */;
		};
/* End PBXTargetDependency section */

/* Begin PBXVariantGroup section */
		1F766FDC13BBADB100FB74C0 /* Localizable.strings */ = {
			isa = PBXVariantGroup;
			children = (
				1F766FDD13BBADB100FB74C0 /* en */,
			);
			name = Localizable.strings;
			sourceTree = "<group>";
		};
		1F766FDF13BBADB100FB74C0 /* Localizable.strings */ = {
			isa = PBXVariantGroup;
			children = (
				1F766FE013BBADB100FB74C0 /* es */,
			);
			name = Localizable.strings;
			sourceTree = "<group>";
		};
		30A0434314DC770100060A13 /* Localizable.strings */ = {
			isa = PBXVariantGroup;
			children = (
				30A0434414DC770100060A13 /* de */,
			);
			name = Localizable.strings;
			sourceTree = "<group>";
		};
		30A0434614DC770100060A13 /* Localizable.strings */ = {
			isa = PBXVariantGroup;
			children = (
				30A0434714DC770100060A13 /* se */,
			);
			name = Localizable.strings;
			sourceTree = "<group>";
		};
		3BC1407A19E6E34500C4A249 /* InfoPlist.strings */ = {
			isa = PBXVariantGroup;
			children = (
				3BC1407B19E6E34500C4A249 /* en */,
			);
			name = InfoPlist.strings;
			sourceTree = "<group>";
		};
/* End PBXVariantGroup section */

/* Begin XCBuildConfiguration section */
		1D6058940D05DD3E006BFB54 /* Debug */ = {
			isa = XCBuildConfiguration;
			buildSettings = {
				ALWAYS_SEARCH_USER_PATHS = NO;
				CLANG_ENABLE_OBJC_ARC = YES;
				CODE_SIGN_IDENTITY = "iPhone Developer";
				COPY_PHASE_STRIP = NO;
				GCC_DYNAMIC_NO_PIC = NO;
				GCC_OPTIMIZATION_LEVEL = 0;
				GCC_PRECOMPILE_PREFIX_HEADER = YES;
				GCC_PREFIX_HEADER = "Mobile Doorman/Mobile Doorman-Prefix.pch";
				GCC_THUMB_SUPPORT = NO;
				GCC_VERSION = "";
				INFOPLIST_FILE = "Mobile Doorman/Mobile Doorman-Info.plist";
				IPHONEOS_DEPLOYMENT_TARGET = 6.0;
				OTHER_LDFLAGS = (
					"-weak_framework",
					CoreFoundation,
					"-weak_framework",
					UIKit,
					"-weak_framework",
					AVFoundation,
					"-weak_framework",
					CoreMedia,
					"-weak-lSystem",
					"-force_load",
					"\"$(BUILT_PRODUCTS_DIR)/libCordova.a\"",
					"-ObjC",
				);
				PRODUCT_NAME = "Mobile Doorman";
				PROVISIONING_PROFILE = "";
				TARGETED_DEVICE_FAMILY = "1,2";
			};
			name = Debug;
		};
		1D6058950D05DD3E006BFB54 /* Release */ = {
			isa = XCBuildConfiguration;
			buildSettings = {
				ALWAYS_SEARCH_USER_PATHS = NO;
				CLANG_ENABLE_OBJC_ARC = YES;
				CODE_SIGN_IDENTITY = "iPhone Developer";
				COPY_PHASE_STRIP = YES;
				GCC_PRECOMPILE_PREFIX_HEADER = YES;
				GCC_PREFIX_HEADER = "Mobile Doorman/Mobile Doorman-Prefix.pch";
				GCC_THUMB_SUPPORT = NO;
				GCC_VERSION = "";
				INFOPLIST_FILE = "Mobile Doorman/Mobile Doorman-Info.plist";
				IPHONEOS_DEPLOYMENT_TARGET = 6.0;
				OTHER_LDFLAGS = (
					"-weak_framework",
					CoreFoundation,
					"-weak_framework",
					UIKit,
					"-weak_framework",
					AVFoundation,
					"-weak_framework",
					CoreMedia,
					"-weak-lSystem",
					"-force_load",
					"\"$(BUILT_PRODUCTS_DIR)/libCordova.a\"",
					"-ObjC",
				);
				PRODUCT_NAME = "Mobile Doorman";
				PROVISIONING_PROFILE = "";
				TARGETED_DEVICE_FAMILY = "1,2";
			};
			name = Release;
		};
		C01FCF4F08A954540054247B /* Debug */ = {
			isa = XCBuildConfiguration;
			buildSettings = {
				CLANG_ENABLE_OBJC_ARC = YES;
				CLANG_WARN_BOOL_CONVERSION = YES;
				CLANG_WARN_CONSTANT_CONVERSION = YES;
				CLANG_WARN_EMPTY_BODY = YES;
				CLANG_WARN_ENUM_CONVERSION = YES;
				CLANG_WARN_INT_CONVERSION = YES;
				CLANG_WARN__DUPLICATE_METHOD_MATCH = YES;
				CODE_SIGN_IDENTITY = "iPhone Developer";
				"CODE_SIGN_IDENTITY[sdk=iphoneos*]" = "iPhone Developer";
				GCC_C_LANGUAGE_STANDARD = c99;
				GCC_THUMB_SUPPORT = NO;
				GCC_VERSION = "";
				GCC_WARN_ABOUT_RETURN_TYPE = YES;
				GCC_WARN_UNDECLARED_SELECTOR = YES;
				GCC_WARN_UNINITIALIZED_AUTOS = YES;
				GCC_WARN_UNUSED_FUNCTION = YES;
				GCC_WARN_UNUSED_VARIABLE = YES;
				HEADER_SEARCH_PATHS = (
					"\"$(TARGET_BUILD_DIR)/usr/local/lib/include\"",
					"\"$(OBJROOT)/UninstalledProducts/include\"",
					"\"$(BUILT_PRODUCTS_DIR)\"",
				);
				IPHONEOS_DEPLOYMENT_TARGET = 6.0;
				ONLY_ACTIVE_ARCH = YES;
				OTHER_LDFLAGS = (
					"-weak_framework",
					CoreFoundation,
					"-weak_framework",
					UIKit,
					"-weak_framework",
					AVFoundation,
					"-weak_framework",
					CoreMedia,
					"-weak-lSystem",
					"-force_load",
					"\"$(BUILT_PRODUCTS_DIR)/libCordova.a\"",
					"-ObjC",
				);
				PROVISIONING_PROFILE = "793d8271-61b4-4a10-a062-578d670271a4";
				SDKROOT = iphoneos;
				SKIP_INSTALL = NO;
				USER_HEADER_SEARCH_PATHS = "";
			};
			name = Debug;
		};
		C01FCF5008A954540054247B /* Release */ = {
			isa = XCBuildConfiguration;
			buildSettings = {
				CLANG_ENABLE_OBJC_ARC = YES;
				CLANG_WARN_BOOL_CONVERSION = YES;
				CLANG_WARN_CONSTANT_CONVERSION = YES;
				CLANG_WARN_EMPTY_BODY = YES;
				CLANG_WARN_ENUM_CONVERSION = YES;
				CLANG_WARN_INT_CONVERSION = YES;
				CLANG_WARN__DUPLICATE_METHOD_MATCH = YES;
				CODE_SIGN_IDENTITY = "iPhone Developer";
				"CODE_SIGN_IDENTITY[sdk=iphoneos*]" = "iPhone Developer";
				GCC_C_LANGUAGE_STANDARD = c99;
				GCC_THUMB_SUPPORT = NO;
				GCC_VERSION = "";
				GCC_WARN_ABOUT_RETURN_TYPE = YES;
				GCC_WARN_UNDECLARED_SELECTOR = YES;
				GCC_WARN_UNINITIALIZED_AUTOS = YES;
				GCC_WARN_UNUSED_FUNCTION = YES;
				GCC_WARN_UNUSED_VARIABLE = YES;
				HEADER_SEARCH_PATHS = (
					"\"$(TARGET_BUILD_DIR)/usr/local/lib/include\"",
					"\"$(OBJROOT)/UninstalledProducts/include\"",
					"\"$(BUILT_PRODUCTS_DIR)\"",
				);
				IPHONEOS_DEPLOYMENT_TARGET = 6.0;
				OTHER_LDFLAGS = (
					"-weak_framework",
					CoreFoundation,
					"-weak_framework",
					UIKit,
					"-weak_framework",
					AVFoundation,
					"-weak_framework",
					CoreMedia,
					"-weak-lSystem",
					"-force_load",
					"\"$(BUILT_PRODUCTS_DIR)/libCordova.a\"",
					"-ObjC",
				);
				PROVISIONING_PROFILE = "793d8271-61b4-4a10-a062-578d670271a4";
				SDKROOT = iphoneos;
				SKIP_INSTALL = NO;
				USER_HEADER_SEARCH_PATHS = "";
			};
			name = Release;
		};
/* End XCBuildConfiguration section */

/* Begin XCConfigurationList section */
		1D6058960D05DD3E006BFB54 /* Build configuration list for PBXNativeTarget "Mobile Doorman" */ = {
			isa = XCConfigurationList;
			buildConfigurations = (
				1D6058940D05DD3E006BFB54 /* Debug */,
				1D6058950D05DD3E006BFB54 /* Release */,
			);
			defaultConfigurationIsVisible = 0;
			defaultConfigurationName = Release;
		};
		C01FCF4E08A954540054247B /* Build configuration list for PBXProject "Mobile Doorman" */ = {
			isa = XCConfigurationList;
			buildConfigurations = (
				C01FCF4F08A954540054247B /* Debug */,
				C01FCF5008A954540054247B /* Release */,
			);
			defaultConfigurationIsVisible = 0;
			defaultConfigurationName = Release;
		};
/* End XCConfigurationList section */
	};
	rootObject = 29B97313FDCFA39411CA2CEA /* Project object */;
}
